
Microsoft Visual Studio Solution File, Format Version 9.00
# Visual Studio 2005
Project("{8BC9CEB8-8B4A-11D0-8D11-00A0C91BC942}") = "SORE_lib", "SORE_lib\SORE_lib.vcproj", "{4B67CBDD-FF67-44F1-A6D9-8BAEC2790367}"
EndProject
Project("{8BC9CEB8-8B4A-11D0-8D11-00A0C91BC942}") = "SORE_test", "SORE_test\SORE_test.vcproj", "{85D806E2-A04A-4E60-A571-AD4D4691BBAA}"
EndProject
Global
	GlobalSection(SolutionConfigurationPlatforms) = preSolution
		Debug|Win32 = Debug|Win32
		Release|Win32 = Release|Win32
	EndGlobalSection
	GlobalSection(ProjectConfigurationPlatforms) = postSolution
		{4B67CBDD-FF67-44F1-A6D9-8BAEC2790367}.Debug|Win32.ActiveCfg = Debug|Win32
		{4B67CBDD-FF67-44F1-A6D9-8BAEC2790367}.Debug|Win32.Build.0 = Debug|Win32
		{4B67CBDD-FF67-44F1-A6D9-8BAEC2790367}.Release|Win32.ActiveCfg = Release|Win32
		{4B67CBDD-FF67-44F1-A6D9-8BAEC2790367}.Release|Win32.Build.0 = Release|Win32
		{85D806E2-A04A-4E60-A571-AD4D4691BBAA}.Debug|Win32.ActiveCfg = Debug|Win32
		{85D806E2-A04A-4E60-A571-AD4D4691BBAA}.Debug|Win32.Build.0 = Debug|Win32
		{85D806E2-A04A-4E60-A571-AD4D4691BBAA}.Release|Win32.ActiveCfg = Release|Win32
		{85D806E2-A04A-4E60-A571-AD4D4691BBAA}.Release|Win32.Build.0 = Release|Win32
	EndGlobalSection
	GlobalSection(SolutionProperties) = preSolution
		HideSolutionNode = FALSE
	EndGlobalSection
EndGlobal
