
Microsoft Visual Studio Solution File, Format Version 11.00
# Visual Studio 2010
Project("{8BC9CEB8-8B4A-11D0-8D11-00A0C91BC942}") = "taffy", "taffy.vcxproj", "{561136C6-40B1-4A49-A725-29C777E2AB3C}"
	ProjectSection(ProjectDependencies) = postProject
		{E50E4042-4219-43E4-BACD-5B647CC0766D} = {E50E4042-4219-43E4-BACD-5B647CC0766D}
	EndProjectSection
EndProject
Project("{8BC9CEB8-8B4A-11D0-8D11-00A0C91BC942}") = "sore", "..\..\sore\vs2010\sore.vcxproj", "{E50E4042-4219-43E4-BACD-5B647CC0766D}"
EndProject
Global
	GlobalSection(SolutionConfigurationPlatforms) = preSolution
		Debug|Win32 = Debug|Win32
		Release|Win32 = Release|Win32
	EndGlobalSection
	GlobalSection(ProjectConfigurationPlatforms) = postSolution
		{561136C6-40B1-4A49-A725-29C777E2AB3C}.Debug|Win32.ActiveCfg = Debug|Win32
		{561136C6-40B1-4A49-A725-29C777E2AB3C}.Debug|Win32.Build.0 = Debug|Win32
		{561136C6-40B1-4A49-A725-29C777E2AB3C}.Release|Win32.ActiveCfg = Release|Win32
		{561136C6-40B1-4A49-A725-29C777E2AB3C}.Release|Win32.Build.0 = Release|Win32
		{E50E4042-4219-43E4-BACD-5B647CC0766D}.Debug|Win32.ActiveCfg = Debug|Win32
		{E50E4042-4219-43E4-BACD-5B647CC0766D}.Debug|Win32.Build.0 = Debug|Win32
		{E50E4042-4219-43E4-BACD-5B647CC0766D}.Release|Win32.ActiveCfg = Release|Win32
		{E50E4042-4219-43E4-BACD-5B647CC0766D}.Release|Win32.Build.0 = Release|Win32
	EndGlobalSection
	GlobalSection(SolutionProperties) = preSolution
		HideSolutionNode = FALSE
	EndGlobalSection
EndGlobal
