<?xml version="1.0" encoding="utf-8"?>
<Project ToolsVersion="4.0" xmlns="http://schemas.microsoft.com/developer/msbuild/2003">
  <ItemGroup>
    <Filter Include="Source Files">
      <UniqueIdentifier>{4FC737F1-C7A5-4376-A066-2A32D752A2FF}</UniqueIdentifier>
      <Extensions>cpp;c;cc;cxx;def;odl;idl;hpj;bat;asm;asmx</Extensions>
    </Filter>
    <Filter Include="Header Files">
      <UniqueIdentifier>{93995380-89BD-4b04-88EB-625FBE52EBFB}</UniqueIdentifier>
      <Extensions>h;hpp;hxx;hm;inl;inc;xsd</Extensions>
    </Filter>
    <Filter Include="Resource Files">
      <UniqueIdentifier>{67DA6AB6-F800-4c08-8B7A-83BB121AAD01}</UniqueIdentifier>
      <Extensions>rc;ico;cur;bmp;dlg;rc2;rct;bin;rgs;gif;jpg;jpeg;jpe;resx;tiff;tif;png;wav;mfcribbon-ms</Extensions>
    </Filter>
    <Filter Include="Shaders">
      <UniqueIdentifier>{d53c8d3b-d818-4de6-a039-990a50350552}</UniqueIdentifier>
    </Filter>
  </ItemGroup>
  <ItemGroup>
    <ClCompile Include="..\src\3rdparty\kiss_fft.c">
      <Filter>Source Files</Filter>
    </ClCompile>
    <ClCompile Include="..\src\3rdparty\kiss_fftr.c">
      <Filter>Source Files</Filter>
    </ClCompile>
    <ClCompile Include="..\src\averaging_spectrum.cpp">
      <Filter>Source Files</Filter>
    </ClCompile>
    <ClCompile Include="..\src\beat_detector.cpp">
      <Filter>Source Files</Filter>
    </ClCompile>
    <ClCompile Include="..\src\debug_gui.cpp">
      <Filter>Source Files</Filter>
    </ClCompile>
    <ClCompile Include="..\src\energy_analyzer.cpp">
      <Filter>Source Files</Filter>
    </ClCompile>
    <ClCompile Include="..\src\fft_spectrum.cpp">
      <Filter>Source Files</Filter>
    </ClCompile>
    <ClCompile Include="..\src\fmod_pass_through_adapter.cpp">
      <Filter>Source Files</Filter>
    </ClCompile>
    <ClCompile Include="..\src\fmod_spectrum.cpp">
      <Filter>Source Files</Filter>
    </ClCompile>
    <ClCompile Include="..\src\geometric_spectrum.cpp">
      <Filter>Source Files</Filter>
    </ClCompile>
    <ClCompile Include="..\src\graph_visualizer.cpp">
      <Filter>Source Files</Filter>
    </ClCompile>
    <ClCompile Include="..\src\hsv_color.cpp">
      <Filter>Source Files</Filter>
    </ClCompile>
    <ClCompile Include="..\src\kiss_spectrum.cpp">
      <Filter>Source Files</Filter>
    </ClCompile>
    <ClCompile Include="..\src\main.cpp">
      <Filter>Source Files</Filter>
    </ClCompile>
    <ClCompile Include="..\src\partial_spectrum.cpp">
      <Filter>Source Files</Filter>
    </ClCompile>
    <ClCompile Include="..\src\particle_system.cpp">
      <Filter>Source Files</Filter>
    </ClCompile>
    <ClCompile Include="..\src\particle_texture_loader.cpp">
      <Filter>Source Files</Filter>
    </ClCompile>
    <ClCompile Include="..\src\pipes.cpp">
      <Filter>Source Files</Filter>
    </ClCompile>
    <ClCompile Include="..\src\pivot_camera.cpp">
      <Filter>Source Files</Filter>
    </ClCompile>
    <ClCompile Include="..\src\sound_pass_through_buffer.cpp">
      <Filter>Source Files</Filter>
    </ClCompile>
    <ClCompile Include="..\src\spectrum.cpp">
      <Filter>Source Files</Filter>
    </ClCompile>
    <ClCompile Include="..\src\spectrum_snapshot.cpp">
      <Filter>Source Files</Filter>
    </ClCompile>
    <ClCompile Include="..\src\spectrum_visualizer.cpp">
      <Filter>Source Files</Filter>
    </ClCompile>
    <ClCompile Include="..\src\state_default.cpp">
      <Filter>Source Files</Filter>
    </ClCompile>
    <ClCompile Include="..\src\utility.cpp">
      <Filter>Source Files</Filter>
    </ClCompile>
    <ClCompile Include="..\src\version_info.cpp">
      <Filter>Source Files</Filter>
    </ClCompile>
  </ItemGroup>
  <ItemGroup>
    <ClInclude Include="..\src\3rdparty\kiss_fft.h">
      <Filter>Header Files</Filter>
    </ClInclude>
    <ClInclude Include="..\src\3rdparty\kiss_fftr.h">
      <Filter>Header Files</Filter>
    </ClInclude>
    <ClInclude Include="..\src\3rdparty\_kiss_fft_guts.h">
      <Filter>Header Files</Filter>
    </ClInclude>
    <ClInclude Include="..\src\analyzer.h">
      <Filter>Header Files</Filter>
    </ClInclude>
    <ClInclude Include="..\src\app_log.h">
      <Filter>Header Files</Filter>
    </ClInclude>
    <ClInclude Include="..\src\averaging_spectrum.h">
      <Filter>Header Files</Filter>
    </ClInclude>
    <ClInclude Include="..\src\beat_detector.h">
      <Filter>Header Files</Filter>
    </ClInclude>
    <ClInclude Include="..\src\bounded_queue.h">
      <Filter>Header Files</Filter>
    </ClInclude>
    <ClInclude Include="..\src\cmake_version.h">
      <Filter>Header Files</Filter>
    </ClInclude>
    <ClInclude Include="..\src\debug_gui.h">
      <Filter>Header Files</Filter>
    </ClInclude>
    <ClInclude Include="..\src\energy_analyzer.h">
      <Filter>Header Files</Filter>
    </ClInclude>
    <ClInclude Include="..\src\fft_spectrum.h">
      <Filter>Header Files</Filter>
    </ClInclude>
    <ClInclude Include="..\src\fmod_pass_through_adapter.h">
      <Filter>Header Files</Filter>
    </ClInclude>
    <ClInclude Include="..\src\fmod_spectrum.h">
      <Filter>Header Files</Filter>
    </ClInclude>
    <ClInclude Include="..\src\geometric_spectrum.h">
      <Filter>Header Files</Filter>
    </ClInclude>
    <ClInclude Include="..\src\graph_visualizer.h">
      <Filter>Header Files</Filter>
    </ClInclude>
    <ClInclude Include="..\src\hsv_color.h">
      <Filter>Header Files</Filter>
    </ClInclude>
    <ClInclude Include="..\src\kiss_spectrum.h">
      <Filter>Header Files</Filter>
    </ClInclude>
    <ClInclude Include="..\src\partial_spectrum.h">
      <Filter>Header Files</Filter>
    </ClInclude>
    <ClInclude Include="..\src\particle_system.h">
      <Filter>Header Files</Filter>
    </ClInclude>
    <ClInclude Include="..\src\particle_texture_loader.h">
      <Filter>Header Files</Filter>
    </ClInclude>
    <ClInclude Include="..\src\pipes.h">
      <Filter>Header Files</Filter>
    </ClInclude>
    <ClInclude Include="..\src\pivot_camera.h">
      <Filter>Header Files</Filter>
    </ClInclude>
    <ClInclude Include="..\src\sound_pass_through_buffer.h">
      <Filter>Header Files</Filter>
    </ClInclude>
    <ClInclude Include="..\src\spectrum.h">
      <Filter>Header Files</Filter>
    </ClInclude>
    <ClInclude Include="..\src\spectrum_snapshot.h">
      <Filter>Header Files</Filter>
    </ClInclude>
    <ClInclude Include="..\src\spectrum_visualizer.h">
      <Filter>Header Files</Filter>
    </ClInclude>
    <ClInclude Include="..\src\state_default.h">
      <Filter>Header Files</Filter>
    </ClInclude>
    <ClInclude Include="..\src\utility.h">
      <Filter>Header Files</Filter>
    </ClInclude>
  </ItemGroup>
  <ItemGroup>
    <ResourceCompile Include="..\src\app.rc">
      <Filter>Resource Files</Filter>
    </ResourceCompile>
  </ItemGroup>
  <ItemGroup>
    <None Include="..\bin\data\Shaders\particles_emitter_f.glsl">
      <Filter>Shaders</Filter>
    </None>
    <None Include="..\bin\data\Shaders\particles_f.glsl">
      <Filter>Shaders</Filter>
    </None>
    <None Include="..\bin\data\Shaders\particles_shadowmap_f.glsl">
      <Filter>Shaders</Filter>
    </None>
    <None Include="..\bin\data\Shaders\particles_shadowmap_v.glsl">
      <Filter>Shaders</Filter>
    </None>
    <None Include="..\bin\data\Shaders\particles_update_f.glsl">
      <Filter>Shaders</Filter>
    </None>
    <None Include="..\bin\data\Shaders\particles_update_v.glsl">
      <Filter>Shaders</Filter>
    </None>
    <None Include="..\bin\data\Shaders\particles_v.glsl">
      <Filter>Shaders</Filter>
    </None>
    <None Include="..\bin\data\Shaders\point_alphatest_f.glsl">
      <Filter>Shaders</Filter>
    </None>
    <None Include="..\bin\data\Shaders\point_alphatest_v.glsl">
      <Filter>Shaders</Filter>
    </None>
    <None Include="..\bin\data\Shaders\point_sprite_fragment.glsl">
      <Filter>Shaders</Filter>
    </None>
    <None Include="..\bin\data\Shaders\point_sprite_vertex.glsl">
      <Filter>Shaders</Filter>
    </None>
    <None Include="..\bin\data\Shaders\untextured_fragment.glsl">
      <Filter>Shaders</Filter>
    </None>
    <None Include="..\bin\data\Shaders\untextured_lit_fragment.glsl">
      <Filter>Shaders</Filter>
    </None>
    <None Include="..\bin\data\Shaders\untextured_lit_vertex.glsl">
      <Filter>Shaders</Filter>
    </None>
    <None Include="..\bin\data\Shaders\untextured_vertex.glsl">
      <Filter>Shaders</Filter>
    </None>
  </ItemGroup>
</Project>