<?xml version="1.0" encoding="utf-8"?>
<Project ToolsVersion="4.0" xmlns="http://schemas.microsoft.com/developer/msbuild/2003">
  <ItemGroup>
    <Filter Include="Source Files">
      <UniqueIdentifier>{4FC737F1-C7A5-4376-A066-2A32D752A2FF}</UniqueIdentifier>
      <Extensions>cpp;c;cc;cxx;def;odl;idl;hpj;bat;asm;asmx</Extensions>
    </Filter>
    <Filter Include="Header Files">
      <UniqueIdentifier>{93995380-89BD-4b04-88EB-625FBE52EBFB}</UniqueIdentifier>
      <Extensions>h;hpp;hxx;hm;inl;inc;xsd</Extensions>
    </Filter>
    <Filter Include="Resource Files">
      <UniqueIdentifier>{67DA6AB6-F800-4c08-8B7A-83BB121AAD01}</UniqueIdentifier>
      <Extensions>rc;ico;cur;bmp;dlg;rc2;rct;bin;rgs;gif;jpg;jpeg;jpe;resx;tiff;tif;png;wav;mfcribbon-ms</Extensions>
    </Filter>
    <Filter Include="Header Files\lib">
      <UniqueIdentifier>{5fb4576d-ca97-451b-b367-0898d9d862b5}</UniqueIdentifier>
    </Filter>
    <Filter Include="Source Files\lib">
      <UniqueIdentifier>{767c5fad-12f7-44a4-accf-e742ead2c4cd}</UniqueIdentifier>
    </Filter>
    <Filter Include="Header Files\lib\3rdparty">
      <UniqueIdentifier>{2594906a-300b-4f7c-89fe-3161f329d5b1}</UniqueIdentifier>
    </Filter>
    <Filter Include="Source Files\lib\3rdparty">
      <UniqueIdentifier>{8ebd1eec-567b-4a7d-8add-5172d696d7ed}</UniqueIdentifier>
    </Filter>
    <Filter Include="Header Files\lib\assets">
      <UniqueIdentifier>{254670f6-97ec-4b84-b965-76897a68f1c4}</UniqueIdentifier>
    </Filter>
    <Filter Include="Source Files\lib\gui">
      <UniqueIdentifier>{a6f98843-5644-4029-9df4-8cf381e4fac8}</UniqueIdentifier>
    </Filter>
    <Filter Include="Source Files\lib\kernel">
      <UniqueIdentifier>{6fdb1ead-bb02-454a-b769-ab8a33a9e3ed}</UniqueIdentifier>
    </Filter>
    <Filter Include="Source Files\lib\math">
      <UniqueIdentifier>{2b34cb3a-a178-4065-a96d-4f39e6f8859f}</UniqueIdentifier>
    </Filter>
    <Filter Include="Source Files\lib\resource">
      <UniqueIdentifier>{877058da-1671-4deb-adfb-a58564e033f3}</UniqueIdentifier>
    </Filter>
    <Filter Include="Source Files\lib\renderer">
      <UniqueIdentifier>{609fe989-5b95-41e1-b852-31f89011005c}</UniqueIdentifier>
    </Filter>
    <Filter Include="Source Files\lib\assets">
      <UniqueIdentifier>{55cfd832-bd2a-4feb-912a-e7324605a7cd}</UniqueIdentifier>
    </Filter>
    <Filter Include="Header Files\lib\gui">
      <UniqueIdentifier>{74403ef2-bec9-4f99-beec-3b8814b459ea}</UniqueIdentifier>
    </Filter>
    <Filter Include="Header Files\lib\kernel">
      <UniqueIdentifier>{49d0f952-1f50-4535-9315-cc11432a297e}</UniqueIdentifier>
    </Filter>
    <Filter Include="Header Files\lib\math">
      <UniqueIdentifier>{1746ed06-1b89-416a-989c-c8ea7835d351}</UniqueIdentifier>
    </Filter>
    <Filter Include="Header Files\lib\network">
      <UniqueIdentifier>{d9afec9f-4107-4882-b815-af4dabdbc604}</UniqueIdentifier>
    </Filter>
    <Filter Include="Header Files\lib\renderer">
      <UniqueIdentifier>{aa6250d7-04c4-459e-8251-5f905565d93e}</UniqueIdentifier>
    </Filter>
    <Filter Include="Header Files\lib\resource">
      <UniqueIdentifier>{915e0eb4-8400-4bd8-a1ab-dbd0ed3ee75a}</UniqueIdentifier>
    </Filter>
  </ItemGroup>
  <ItemGroup>
    <ClCompile Include="..\src\lib\sore_camera.cpp">
      <Filter>Source Files\lib</Filter>
    </ClCompile>
    <ClCompile Include="..\src\lib\sore_color.cpp">
      <Filter>Source Files\lib</Filter>
    </ClCompile>
    <ClCompile Include="..\src\lib\sore_fileio.cpp">
      <Filter>Source Files\lib</Filter>
    </ClCompile>
    <ClCompile Include="..\src\lib\sore_fileio_windows.cpp">
      <Filter>Source Files\lib</Filter>
    </ClCompile>
    <ClCompile Include="..\src\lib\sore_font_windows.cpp">
      <Filter>Source Files\lib</Filter>
    </ClCompile>
    <ClCompile Include="..\src\lib\sore_interpolater.cpp">
      <Filter>Source Files\lib</Filter>
    </ClCompile>
    <ClCompile Include="..\src\lib\sore_logger.cpp">
      <Filter>Source Files\lib</Filter>
    </ClCompile>
    <ClCompile Include="..\src\lib\sore_logginginit.cpp">
      <Filter>Source Files\lib</Filter>
    </ClCompile>
    <ClCompile Include="..\src\lib\sore_profiler.cpp">
      <Filter>Source Files\lib</Filter>
    </ClCompile>
    <ClCompile Include="..\src\lib\sore_sample.cpp">
      <Filter>Source Files\lib</Filter>
    </ClCompile>
    <ClCompile Include="..\src\lib\sore_screeninfo.cpp">
      <Filter>Source Files\lib</Filter>
    </ClCompile>
    <ClCompile Include="..\src\lib\sore_settings.cpp">
      <Filter>Source Files\lib</Filter>
    </ClCompile>
    <ClCompile Include="..\src\lib\sore_timing_windows.cpp">
      <Filter>Source Files\lib</Filter>
    </ClCompile>
    <ClCompile Include="..\src\lib\sore_util.cpp">
      <Filter>Source Files\lib</Filter>
    </ClCompile>
    <ClCompile Include="..\src\lib\3rdparty\json\json_reader.cpp">
      <Filter>Source Files\lib\3rdparty</Filter>
    </ClCompile>
    <ClCompile Include="..\src\lib\3rdparty\json\json_value.cpp">
      <Filter>Source Files\lib\3rdparty</Filter>
    </ClCompile>
    <ClCompile Include="..\src\lib\3rdparty\json\json_writer.cpp">
      <Filter>Source Files\lib\3rdparty</Filter>
    </ClCompile>
    <ClCompile Include="..\src\lib\assets\sore_font.cpp">
      <Filter>Source Files\lib\assets</Filter>
    </ClCompile>
    <ClCompile Include="..\src\lib\assets\sore_font_loader.cpp">
      <Filter>Source Files\lib\assets</Filter>
    </ClCompile>
    <ClCompile Include="..\src\lib\assets\sore_glslshader.cpp">
      <Filter>Source Files\lib\assets</Filter>
    </ClCompile>
    <ClCompile Include="..\src\lib\assets\sore_glslshader_loader.cpp">
      <Filter>Source Files\lib\assets</Filter>
    </ClCompile>
    <ClCompile Include="..\src\lib\assets\sore_material.cpp">
      <Filter>Source Files\lib\assets</Filter>
    </ClCompile>
    <ClCompile Include="..\src\lib\assets\sore_material_loader.cpp">
      <Filter>Source Files\lib\assets</Filter>
    </ClCompile>
    <ClCompile Include="..\src\lib\assets\sore_texture2d.cpp">
      <Filter>Source Files\lib\assets</Filter>
    </ClCompile>
    <ClCompile Include="..\src\lib\assets\sore_texture2d_fboloader.cpp">
      <Filter>Source Files\lib\assets</Filter>
    </ClCompile>
    <ClCompile Include="..\src\lib\assets\sore_texture2d_loader.cpp">
      <Filter>Source Files\lib\assets</Filter>
    </ClCompile>
    <ClCompile Include="..\src\lib\gui\sore_button.cpp">
      <Filter>Source Files\lib\gui</Filter>
    </ClCompile>
    <ClCompile Include="..\src\lib\gui\sore_checkbox.cpp">
      <Filter>Source Files\lib\gui</Filter>
    </ClCompile>
    <ClCompile Include="..\src\lib\gui\sore_framewidget.cpp">
      <Filter>Source Files\lib\gui</Filter>
    </ClCompile>
    <ClCompile Include="..\src\lib\gui\sore_framewindow.cpp">
      <Filter>Source Files\lib\gui</Filter>
    </ClCompile>
    <ClCompile Include="..\src\lib\gui\sore_profilerstats.cpp">
      <Filter>Source Files\lib\gui</Filter>
    </ClCompile>
    <ClCompile Include="..\src\lib\gui\sore_renderstats.cpp">
      <Filter>Source Files\lib\gui</Filter>
    </ClCompile>
    <ClCompile Include="..\src\lib\gui\sore_sliderwidget.cpp">
      <Filter>Source Files\lib\gui</Filter>
    </ClCompile>
    <ClCompile Include="..\src\lib\gui\sore_textwidget.cpp">
      <Filter>Source Files\lib\gui</Filter>
    </ClCompile>
    <ClCompile Include="..\src\lib\gui\sore_topwidget.cpp">
      <Filter>Source Files\lib\gui</Filter>
    </ClCompile>
    <ClCompile Include="..\src\lib\gui\sore_units.cpp">
      <Filter>Source Files\lib\gui</Filter>
    </ClCompile>
    <ClCompile Include="..\src\lib\gui\sore_widget.cpp">
      <Filter>Source Files\lib\gui</Filter>
    </ClCompile>
    <ClCompile Include="..\src\lib\kernel\sore_event.cpp">
      <Filter>Source Files\lib\kernel</Filter>
    </ClCompile>
    <ClCompile Include="..\src\lib\kernel\sore_gamekernel.cpp">
      <Filter>Source Files\lib\kernel</Filter>
    </ClCompile>
    <ClCompile Include="..\src\lib\kernel\sore_gamestate.cpp">
      <Filter>Source Files\lib\kernel</Filter>
    </ClCompile>
    <ClCompile Include="..\src\lib\kernel\sore_gamestate_stack.cpp">
      <Filter>Source Files\lib\kernel</Filter>
    </ClCompile>
    <ClCompile Include="..\src\lib\kernel\sore_inputdistributor.cpp">
      <Filter>Source Files\lib\kernel</Filter>
    </ClCompile>
    <ClCompile Include="..\src\lib\kernel\sore_inputtask.cpp">
      <Filter>Source Files\lib\kernel</Filter>
    </ClCompile>
    <ClCompile Include="..\src\lib\kernel\sore_screen.cpp">
      <Filter>Source Files\lib\kernel</Filter>
    </ClCompile>
    <ClCompile Include="..\src\lib\kernel\sore_task.cpp">
      <Filter>Source Files\lib\kernel</Filter>
    </ClCompile>
    <ClCompile Include="..\src\lib\kernel\sore_timing.cpp">
      <Filter>Source Files\lib\kernel</Filter>
    </ClCompile>
    <ClCompile Include="..\src\lib\math\sore_math.cpp">
      <Filter>Source Files\lib\math</Filter>
    </ClCompile>
    <ClCompile Include="..\src\lib\renderer\sore_aggregatebuffermanager.cpp">
      <Filter>Source Files\lib\renderer</Filter>
    </ClCompile>
    <ClCompile Include="..\src\lib\renderer\sore_batch.cpp">
      <Filter>Source Files\lib\renderer</Filter>
    </ClCompile>
    <ClCompile Include="..\src\lib\renderer\sore_batchingbuffermanager.cpp">
      <Filter>Source Files\lib\renderer</Filter>
    </ClCompile>
    <ClCompile Include="..\src\lib\renderer\sore_buffermanager.cpp">
      <Filter>Source Files\lib\renderer</Filter>
    </ClCompile>
    <ClCompile Include="..\src\lib\renderer\sore_fbo.cpp">
      <Filter>Source Files\lib\renderer</Filter>
    </ClCompile>
    <ClCompile Include="..\src\lib\renderer\sore_geometrychunk.cpp">
      <Filter>Source Files\lib\renderer</Filter>
    </ClCompile>
    <ClCompile Include="..\src\lib\renderer\sore_geometryprovider.cpp">
      <Filter>Source Files\lib\renderer</Filter>
    </ClCompile>
    <ClCompile Include="..\src\lib\renderer\sore_gl_command_list.cpp">
      <Filter>Source Files\lib\renderer</Filter>
    </ClCompile>
    <ClCompile Include="..\src\lib\renderer\sore_graphicsarray.cpp">
      <Filter>Source Files\lib\renderer</Filter>
    </ClCompile>
    <ClCompile Include="..\src\lib\renderer\sore_immediatemodeprovider.cpp">
      <Filter>Source Files\lib\renderer</Filter>
    </ClCompile>
    <ClCompile Include="..\src\lib\renderer\sore_pipe.cpp">
      <Filter>Source Files\lib\renderer</Filter>
    </ClCompile>
    <ClCompile Include="..\src\lib\renderer\sore_pipeline_renderer.cpp">
      <Filter>Source Files\lib\renderer</Filter>
    </ClCompile>
    <ClCompile Include="..\src\lib\renderer\sore_renderable.cpp">
      <Filter>Source Files\lib\renderer</Filter>
    </ClCompile>
    <ClCompile Include="..\src\lib\renderer\sore_renderstate.cpp">
      <Filter>Source Files\lib\renderer</Filter>
    </ClCompile>
    <ClCompile Include="..\src\lib\renderer\sore_simplebuffermanager.cpp">
      <Filter>Source Files\lib\renderer</Filter>
    </ClCompile>
    <ClCompile Include="..\src\lib\renderer\sore_texturestate.cpp">
      <Filter>Source Files\lib\renderer</Filter>
    </ClCompile>
    <ClCompile Include="..\src\lib\renderer\sore_uniformstate.cpp">
      <Filter>Source Files\lib\renderer</Filter>
    </ClCompile>
    <ClCompile Include="..\src\lib\renderer\sore_vbo.cpp">
      <Filter>Source Files\lib\renderer</Filter>
    </ClCompile>
    <ClCompile Include="..\src\lib\renderer\sore_vertexarray.cpp">
      <Filter>Source Files\lib\renderer</Filter>
    </ClCompile>
    <ClCompile Include="..\src\lib\resource\sore_fileloader.cpp">
      <Filter>Source Files\lib\resource</Filter>
    </ClCompile>
  </ItemGroup>
  <ItemGroup>
    <ClInclude Include="..\src\lib\sore_camera.h">
      <Filter>Header Files\lib</Filter>
    </ClInclude>
    <ClInclude Include="..\src\lib\sore_color.h">
      <Filter>Header Files\lib</Filter>
    </ClInclude>
    <ClInclude Include="..\src\lib\sore_defines.h">
      <Filter>Header Files\lib</Filter>
    </ClInclude>
    <ClInclude Include="..\src\lib\sore_dll.h">
      <Filter>Header Files\lib</Filter>
    </ClInclude>
    <ClInclude Include="..\src\lib\sore_exception.h">
      <Filter>Header Files\lib</Filter>
    </ClInclude>
    <ClInclude Include="..\src\lib\sore_fileio.h">
      <Filter>Header Files\lib</Filter>
    </ClInclude>
    <ClInclude Include="..\src\lib\sore_fileio_windows.h">
      <Filter>Header Files\lib</Filter>
    </ClInclude>
    <ClInclude Include="..\src\lib\sore_interpolater.h">
      <Filter>Header Files\lib</Filter>
    </ClInclude>
    <ClInclude Include="..\src\lib\sore_logger.h">
      <Filter>Header Files\lib</Filter>
    </ClInclude>
    <ClInclude Include="..\src\lib\sore_logginginit.h">
      <Filter>Header Files\lib</Filter>
    </ClInclude>
    <ClInclude Include="..\src\lib\sore_noncopyable.h">
      <Filter>Header Files\lib</Filter>
    </ClInclude>
    <ClInclude Include="..\src\lib\sore_profiler.h">
      <Filter>Header Files\lib</Filter>
    </ClInclude>
    <ClInclude Include="..\src\lib\sore_sample.h">
      <Filter>Header Files\lib</Filter>
    </ClInclude>
    <ClInclude Include="..\src\lib\sore_screeninfo.h">
      <Filter>Header Files\lib</Filter>
    </ClInclude>
    <ClInclude Include="..\src\lib\sore_settings.h">
      <Filter>Header Files\lib</Filter>
    </ClInclude>
    <ClInclude Include="..\src\lib\sore_util.h">
      <Filter>Header Files\lib</Filter>
    </ClInclude>
    <ClInclude Include="..\src\lib\3rdparty\json\autolink.h">
      <Filter>Header Files\lib\3rdparty</Filter>
    </ClInclude>
    <ClInclude Include="..\src\lib\3rdparty\json\config.h">
      <Filter>Header Files\lib\3rdparty</Filter>
    </ClInclude>
    <ClInclude Include="..\src\lib\3rdparty\json\features.h">
      <Filter>Header Files\lib\3rdparty</Filter>
    </ClInclude>
    <ClInclude Include="..\src\lib\3rdparty\json\forwards.h">
      <Filter>Header Files\lib\3rdparty</Filter>
    </ClInclude>
    <ClInclude Include="..\src\lib\3rdparty\json\json.h">
      <Filter>Header Files\lib\3rdparty</Filter>
    </ClInclude>
    <ClInclude Include="..\src\lib\3rdparty\json\json_batchallocator.h">
      <Filter>Header Files\lib\3rdparty</Filter>
    </ClInclude>
    <ClInclude Include="..\src\lib\3rdparty\json\json_tool.h">
      <Filter>Header Files\lib\3rdparty</Filter>
    </ClInclude>
    <ClInclude Include="..\src\lib\3rdparty\json\reader.h">
      <Filter>Header Files\lib\3rdparty</Filter>
    </ClInclude>
    <ClInclude Include="..\src\lib\3rdparty\json\value.h">
      <Filter>Header Files\lib\3rdparty</Filter>
    </ClInclude>
    <ClInclude Include="..\src\lib\3rdparty\json\writer.h">
      <Filter>Header Files\lib\3rdparty</Filter>
    </ClInclude>
    <ClInclude Include="..\src\lib\assets\sore_assettypes.h">
      <Filter>Header Files\lib\assets</Filter>
    </ClInclude>
    <ClInclude Include="..\src\lib\assets\sore_font.h">
      <Filter>Header Files\lib\assets</Filter>
    </ClInclude>
    <ClInclude Include="..\src\lib\assets\sore_font_loader.h">
      <Filter>Header Files\lib\assets</Filter>
    </ClInclude>
    <ClInclude Include="..\src\lib\assets\sore_glslshader.h">
      <Filter>Header Files\lib\assets</Filter>
    </ClInclude>
    <ClInclude Include="..\src\lib\assets\sore_glslshader_loader.h">
      <Filter>Header Files\lib\assets</Filter>
    </ClInclude>
    <ClInclude Include="..\src\lib\assets\sore_material.h">
      <Filter>Header Files\lib\assets</Filter>
    </ClInclude>
    <ClInclude Include="..\src\lib\assets\sore_material_loader.h">
      <Filter>Header Files\lib\assets</Filter>
    </ClInclude>
    <ClInclude Include="..\src\lib\assets\sore_texture2d.h">
      <Filter>Header Files\lib\assets</Filter>
    </ClInclude>
    <ClInclude Include="..\src\lib\assets\sore_texture2d_fboloader.h">
      <Filter>Header Files\lib\assets</Filter>
    </ClInclude>
    <ClInclude Include="..\src\lib\assets\sore_texture2d_loader.h">
      <Filter>Header Files\lib\assets</Filter>
    </ClInclude>
    <ClInclude Include="..\src\lib\gui\sore_button.h">
      <Filter>Header Files\lib\gui</Filter>
    </ClInclude>
    <ClInclude Include="..\src\lib\gui\sore_checkbox.h">
      <Filter>Header Files\lib\gui</Filter>
    </ClInclude>
    <ClInclude Include="..\src\lib\gui\sore_dropdown.h">
      <Filter>Header Files\lib\gui</Filter>
    </ClInclude>
    <ClInclude Include="..\src\lib\gui\sore_framewidget.h">
      <Filter>Header Files\lib\gui</Filter>
    </ClInclude>
    <ClInclude Include="..\src\lib\gui\sore_framewindow.h">
      <Filter>Header Files\lib\gui</Filter>
    </ClInclude>
    <ClInclude Include="..\src\lib\gui\sore_profilerstats.h">
      <Filter>Header Files\lib\gui</Filter>
    </ClInclude>
    <ClInclude Include="..\src\lib\gui\sore_renderstats.h">
      <Filter>Header Files\lib\gui</Filter>
    </ClInclude>
    <ClInclude Include="..\src\lib\gui\sore_sliderwidget.h">
      <Filter>Header Files\lib\gui</Filter>
    </ClInclude>
    <ClInclude Include="..\src\lib\gui\sore_textfield.h">
      <Filter>Header Files\lib\gui</Filter>
    </ClInclude>
    <ClInclude Include="..\src\lib\gui\sore_textwidget.h">
      <Filter>Header Files\lib\gui</Filter>
    </ClInclude>
    <ClInclude Include="..\src\lib\gui\sore_topwidget.h">
      <Filter>Header Files\lib\gui</Filter>
    </ClInclude>
    <ClInclude Include="..\src\lib\gui\sore_units.h">
      <Filter>Header Files\lib\gui</Filter>
    </ClInclude>
    <ClInclude Include="..\src\lib\gui\sore_widget.h">
      <Filter>Header Files\lib\gui</Filter>
    </ClInclude>
    <ClInclude Include="..\src\lib\kernel\sore_event.h">
      <Filter>Header Files\lib\kernel</Filter>
    </ClInclude>
    <ClInclude Include="..\src\lib\kernel\sore_event_keysym.h">
      <Filter>Header Files\lib\kernel</Filter>
    </ClInclude>
    <ClInclude Include="..\src\lib\kernel\sore_gamekernel.h">
      <Filter>Header Files\lib\kernel</Filter>
    </ClInclude>
    <ClInclude Include="..\src\lib\kernel\sore_gamestate.h">
      <Filter>Header Files\lib\kernel</Filter>
    </ClInclude>
    <ClInclude Include="..\src\lib\kernel\sore_gamestate_stack.h">
      <Filter>Header Files\lib\kernel</Filter>
    </ClInclude>
    <ClInclude Include="..\src\lib\kernel\sore_inputdistributor.h">
      <Filter>Header Files\lib\kernel</Filter>
    </ClInclude>
    <ClInclude Include="..\src\lib\kernel\sore_inputtask.h">
      <Filter>Header Files\lib\kernel</Filter>
    </ClInclude>
    <ClInclude Include="..\src\lib\kernel\sore_screen.h">
      <Filter>Header Files\lib\kernel</Filter>
    </ClInclude>
    <ClInclude Include="..\src\lib\kernel\sore_task.h">
      <Filter>Header Files\lib\kernel</Filter>
    </ClInclude>
    <ClInclude Include="..\src\lib\kernel\sore_timing.h">
      <Filter>Header Files\lib\kernel</Filter>
    </ClInclude>
    <ClInclude Include="..\src\lib\math\sore_geometry.h">
      <Filter>Header Files\lib\math</Filter>
    </ClInclude>
    <ClInclude Include="..\src\lib\math\sore_math.h">
      <Filter>Header Files\lib\math</Filter>
    </ClInclude>
    <ClInclude Include="..\src\lib\math\sore_math_defines.h">
      <Filter>Header Files\lib\math</Filter>
    </ClInclude>
    <ClInclude Include="..\src\lib\math\sore_matrix4x4.h">
      <Filter>Header Files\lib\math</Filter>
    </ClInclude>
    <ClInclude Include="..\src\lib\math\sore_quaternion.h">
      <Filter>Header Files\lib\math</Filter>
    </ClInclude>
    <ClInclude Include="..\src\lib\math\sore_vector2.h">
      <Filter>Header Files\lib\math</Filter>
    </ClInclude>
    <ClInclude Include="..\src\lib\math\sore_vector3.h">
      <Filter>Header Files\lib\math</Filter>
    </ClInclude>
    <ClInclude Include="..\src\lib\math\sore_vector4.h">
      <Filter>Header Files\lib\math</Filter>
    </ClInclude>
    <ClInclude Include="..\src\lib\network\sore_network_broadcaster.h">
      <Filter>Header Files\lib\network</Filter>
    </ClInclude>
    <ClInclude Include="..\src\lib\network\sore_network_buffers.h">
      <Filter>Header Files\lib\network</Filter>
    </ClInclude>
    <ClInclude Include="..\src\lib\network\sore_network_client.h">
      <Filter>Header Files\lib\network</Filter>
    </ClInclude>
    <ClInclude Include="..\src\lib\network\sore_network_common.h">
      <Filter>Header Files\lib\network</Filter>
    </ClInclude>
    <ClInclude Include="..\src\lib\network\sore_network_game.h">
      <Filter>Header Files\lib\network</Filter>
    </ClInclude>
    <ClInclude Include="..\src\lib\network\sore_network_player.h">
      <Filter>Header Files\lib\network</Filter>
    </ClInclude>
    <ClInclude Include="..\src\lib\network\sore_network_server.h">
      <Filter>Header Files\lib\network</Filter>
    </ClInclude>
    <ClInclude Include="..\src\lib\resource\sore_fileloader.h">
      <Filter>Header Files\lib\resource</Filter>
    </ClInclude>
    <ClInclude Include="..\src\lib\resource\sore_resourcecache.h">
      <Filter>Header Files\lib\resource</Filter>
    </ClInclude>
    <ClInclude Include="..\src\lib\resource\sore_resourceproxy.h">
      <Filter>Header Files\lib\resource</Filter>
    </ClInclude>
    <ClInclude Include="..\src\lib\renderer\sore_aggregatebuffermanager.h">
      <Filter>Header Files\lib\renderer</Filter>
    </ClInclude>
    <ClInclude Include="..\src\lib\renderer\sore_allgl.h">
      <Filter>Header Files\lib\renderer</Filter>
    </ClInclude>
    <ClInclude Include="..\src\lib\renderer\sore_batch.h">
      <Filter>Header Files\lib\renderer</Filter>
    </ClInclude>
    <ClInclude Include="..\src\lib\renderer\sore_batchingbuffermanager.h">
      <Filter>Header Files\lib\renderer</Filter>
    </ClInclude>
    <ClInclude Include="..\src\lib\renderer\sore_blend_state.h">
      <Filter>Header Files\lib\renderer</Filter>
    </ClInclude>
    <ClInclude Include="..\src\lib\renderer\sore_buffermanager.h">
      <Filter>Header Files\lib\renderer</Filter>
    </ClInclude>
    <ClInclude Include="..\src\lib\renderer\sore_fbo.h">
      <Filter>Header Files\lib\renderer</Filter>
    </ClInclude>
    <ClInclude Include="..\src\lib\renderer\sore_geometrychunk.h">
      <Filter>Header Files\lib\renderer</Filter>
    </ClInclude>
    <ClInclude Include="..\src\lib\renderer\sore_geometryprovider.h">
      <Filter>Header Files\lib\renderer</Filter>
    </ClInclude>
    <ClInclude Include="..\src\lib\renderer\sore_gl_command_list.h">
      <Filter>Header Files\lib\renderer</Filter>
    </ClInclude>
    <ClInclude Include="..\src\lib\renderer\sore_graphicsarray.h">
      <Filter>Header Files\lib\renderer</Filter>
    </ClInclude>
    <ClInclude Include="..\src\lib\renderer\sore_immediatemodeprovider.h">
      <Filter>Header Files\lib\renderer</Filter>
    </ClInclude>
    <ClInclude Include="..\src\lib\renderer\sore_pipe.h">
      <Filter>Header Files\lib\renderer</Filter>
    </ClInclude>
    <ClInclude Include="..\src\lib\renderer\sore_pipeline_renderer.h">
      <Filter>Header Files\lib\renderer</Filter>
    </ClInclude>
    <ClInclude Include="..\src\lib\renderer\sore_renderable.h">
      <Filter>Header Files\lib\renderer</Filter>
    </ClInclude>
    <ClInclude Include="..\src\lib\renderer\sore_renderer.h">
      <Filter>Header Files\lib\renderer</Filter>
    </ClInclude>
    <ClInclude Include="..\src\lib\renderer\sore_renderstate.h">
      <Filter>Header Files\lib\renderer</Filter>
    </ClInclude>
    <ClInclude Include="..\src\lib\renderer\sore_simplebuffermanager.h">
      <Filter>Header Files\lib\renderer</Filter>
    </ClInclude>
    <ClInclude Include="..\src\lib\renderer\sore_texturestate.h">
      <Filter>Header Files\lib\renderer</Filter>
    </ClInclude>
    <ClInclude Include="..\src\lib\renderer\sore_uniformstate.h">
      <Filter>Header Files\lib\renderer</Filter>
    </ClInclude>
    <ClInclude Include="..\src\lib\renderer\sore_vbo.h">
      <Filter>Header Files\lib\renderer</Filter>
    </ClInclude>
    <ClInclude Include="..\src\lib\renderer\sore_vertexarray.h">
      <Filter>Header Files\lib\renderer</Filter>
    </ClInclude>
  </ItemGroup>
</Project>